
Microsoft Visual Studio Solution File, Format Version 12.00
# Visual Studio Version 17
VisualStudioVersion = 17.10.34916.146
MinimumVisualStudioVersion = 10.0.40219.1
Project("{FAE04EC0-301F-11D3-BF4B-00C04F79EFBC}") = "PdfViewer", "PdfViewer\PdfViewer.csproj", "{66072F8E-9435-4385-9963-10C821954C0D}"
EndProject
Global
	GlobalSection(SolutionConfigurationPlatforms) = preSolution
		Debug|Any CPU = Debug|Any CPU
		Release|Any CPU = Release|Any CPU
	EndGlobalSection
	GlobalSection(ProjectConfigurationPlatforms) = postSolution
		{66072F8E-9435-4385-9963-10C821954C0D}.Debug|Any CPU.ActiveCfg = Debug|Any CPU
		{66072F8E-9435-4385-9963-10C821954C0D}.Debug|Any CPU.Build.0 = Debug|Any CPU
		{66072F8E-9435-4385-9963-10C821954C0D}.Release|Any CPU.ActiveCfg = Release|Any CPU
		{66072F8E-9435-4385-9963-10C821954C0D}.Release|Any CPU.Build.0 = Release|Any CPU
	EndGlobalSection
	GlobalSection(SolutionProperties) = preSolution
		HideSolutionNode = FALSE
	EndGlobalSection
	GlobalSection(ExtensibilityGlobals) = postSolution
		SolutionGuid = {7FEF9967-F8AE-42E5-BB5F-9BEB8024C26A}
	EndGlobalSection
EndGlobal
